{
  "name": "bubble",
  "version": "1.0.0",
  "lockfileVersion": 1,
  "requires": true,
  "dependencies": {
    "bindings": {
      "version": "1.5.0",
      "resolved": "https://npm.corp.kuaishou.com/bindings/-/bindings-1.5.0.tgz",
      "integrity": "sha1-EDU8npRTNLwFEabZCzj7x8nFBN8=",
      "requires": {
        "file-uri-to-path": "1.0.0"
      }
    },
    "file-uri-to-path": {
      "version": "1.0.0",
      "resolved": "https://npm.corp.kuaishou.com/file-uri-to-path/-/file-uri-to-path-1.0.0.tgz",
      "integrity": "sha1-VTp7hEb/b2hDWcRF8eN6BdrMM90="
    },
    "node-addon-api": {
      "version": "3.0.1",
      "resolved": "https://npm.corp.kuaishou.com/node-addon-api/-/node-addon-api-3.0.1.tgz",
      "integrity": "sha1-mQVEomB+w/U4RD30hY+MQAibd4M="
    }
  }
}
